
Microsoft Visual Studio Solution File, Format Version 12.00
# Visual Studio 15
VisualStudioVersion = 15.0.28010.2003
MinimumVisualStudioVersion = 10.0.40219.1
Project("{FAE04EC0-301F-11D3-BF4B-00C04F79EFBC}") = "AMSPOCFileWatcher", "AMSPOCFileWatcher\AMSPOCFileWatcher.csproj", "{811FC588-604D-4554-9E3B-B243737C0398}"
EndProject
Global
	GlobalSection(SolutionConfigurationPlatforms) = preSolution
		Debug|Any CPU = Debug|Any CPU
		Release|Any CPU = Release|Any CPU
	EndGlobalSection
	GlobalSection(ProjectConfigurationPlatforms) = postSolution
		{811FC588-604D-4554-9E3B-B243737C0398}.Debug|Any CPU.ActiveCfg = Debug|Any CPU
		{811FC588-604D-4554-9E3B-B243737C0398}.Debug|Any CPU.Build.0 = Debug|Any CPU
		{811FC588-604D-4554-9E3B-B243737C0398}.Release|Any CPU.ActiveCfg = Release|Any CPU
		{811FC588-604D-4554-9E3B-B243737C0398}.Release|Any CPU.Build.0 = Release|Any CPU
	EndGlobalSection
	GlobalSection(SolutionProperties) = preSolution
		HideSolutionNode = FALSE
	EndGlobalSection
	GlobalSection(ExtensibilityGlobals) = postSolution
		SolutionGuid = {A95297D4-54BC-4A16-A8E1-C1A388416ED7}
	EndGlobalSection
EndGlobal
